{
  "version": 4,
  "terraform_version": "1.15.8",
  "serial": 16,
  "lineage": "8c7f28b6-bab7-22e8-8775-fa0c45fb368a",
  "outputs": {
    "kubeconfig": {
      "value": "apiVersion: v1\nclusters:\n- name: \"demo-k8s\"\n  cluster:\n    certificate-authority-data: LS0tLS1CRUdJTiBDRVJUSUZJQ0FURS0tLS0tCk1JSUJXakNDQVFHZ0F3SUJBZ0lCQURBS0JnZ3Foa2pPUFFRREFqQVZNUk13RVFZRFZRUURFd3ByZFdKbGNtNWwKZEdWek1CNFhEVEkyTURneE16RTVORGMxTkZvWERUTTJNRGd4TXpFNU5EYzFORm93RlRFVE1CRUdBMVVFQXhNSwphM1ZpWlhKdVpYUmxjekJaTUJNR0J5cUdTTTQ5QWdFR0NDcUdTTTQ5QXdFSEEwSUFCUEdZcFh0OWhxbkNDclBkCnVHMkhrcFcxY3FjdENkb2hDUTQvWXQ3cE1oejJCMlNXd2FCQmdmVEJPdGdDNzRNMkxyRHVYcmxkV2xWSHZ1Sk0KU3dxcTdaeWpRakJBTUE0R0ExVWREd0VCL3dRRUF3SUNwREFQQmdOVkhSTUJBZjhFQlRBREFRSC9NQjBHQTFVZApEZ1FXQkJTU2NVdEdqVkpLNVVHQ1FlVDMrNUpJMHI4dDR6QUtCZ2dxaGtqT1BRUURBZ05IQURCRUFpQjBxemV4CmN4VmMyMk9JdGhidU5pNk56UWtWOVB4cVJVK09wUFdObUkyU2ZBSWdVNzNCbWs0MnA5aHVBTVBJS0FLN2NCb00KVkZOaXZnYmJKa3lVZ2NUSEU0Zz0KLS0tLS1FTkQgQ0VSVElGSUNBVEUtLS0tLQo=\n    server: https://bd0f67e7-4f42-4db4-ab17-f2fee7816ae9.api.k8s.fr-par.scw.cloud:6443\ncontexts:\n- name: admin@demo-k8s\n  context:\n    cluster: \"demo-k8s\"\n    user: demo-k8s-admin\ncurrent-context: admin@demo-k8s\nkind: Config\npreferences: {}\nusers:\n- name: demo-k8s-admin\n  user:\n    token: XMLx8vsPuyb7BBJ1gobHrNPzu6ItpqO6ZpLxX2AqQemjELIOTSVtXQIK",
      "type": "string",
      "sensitive": true
    }
  },
  "resources": [
    {
      "mode": "managed",
      "type": "scaleway_k8s_cluster",
      "name": "this",
      "provider": "provider[\"registry.terraform.io/scaleway/scaleway\"]",
      "instances": [
        {
          "schema_version": 0,
          "attributes": {
            "admission_plugins": null,
            "apiserver_cert_sans": null,
            "apiserver_url": "https://bd0f67e7-4f42-4db4-ab17-f2fee7816ae9.api.k8s.fr-par.scw.cloud:6443",
            "auto_upgrade": [
              {
                "enable": false,
                "maintenance_window_day": "any",
                "maintenance_window_start_hour": 0
              }
            ],
            "autoscaler_config": [
              {
                "balance_similar_node_groups": false,
                "disable_scale_down": false,
                "estimator": "binpacking",
                "expander": "random",
                "expendable_pods_priority_cutoff": 0,
                "ignore_daemonsets_utilization": false,
                "log_level": 2,
                "max_graceful_termination_sec": 0,
                "scale_down_delay_after_add": "10m",
                "scale_down_unneeded_time": "10m",
                "scale_down_utilization_threshold": 0.5,
                "skip_nodes_with_local_storage": false
              }
            ],
            "cni": "calico",
            "created_at": "2026-08-14T19:47:54Z",
            "delete_additional_resources": true,
            "description": "",
            "feature_gates": null,
            "id": "fr-par/bd0f67e7-4f42-4db4-ab17-f2fee7816ae9",
            "kubeconfig": [
              {
                "cluster_ca_certificate": "LS0tLS1CRUdJTiBDRVJUSUZJQ0FURS0tLS0tCk1JSUJXakNDQVFHZ0F3SUJBZ0lCQURBS0JnZ3Foa2pPUFFRREFqQVZNUk13RVFZRFZRUURFd3ByZFdKbGNtNWwKZEdWek1CNFhEVEkyTURneE16RTVORGMxTkZvWERUTTJNRGd4TXpFNU5EYzFORm93RlRFVE1CRUdBMVVFQXhNSwphM1ZpWlhKdVpYUmxjekJaTUJNR0J5cUdTTTQ5QWdFR0NDcUdTTTQ5QXdFSEEwSUFCUEdZcFh0OWhxbkNDclBkCnVHMkhrcFcxY3FjdENkb2hDUTQvWXQ3cE1oejJCMlNXd2FCQmdmVEJPdGdDNzRNMkxyRHVYcmxkV2xWSHZ1Sk0KU3dxcTdaeWpRakJBTUE0R0ExVWREd0VCL3dRRUF3SUNwREFQQmdOVkhSTUJBZjhFQlRBREFRSC9NQjBHQTFVZApEZ1FXQkJTU2NVdEdqVkpLNVVHQ1FlVDMrNUpJMHI4dDR6QUtCZ2dxaGtqT1BRUURBZ05IQURCRUFpQjBxemV4CmN4VmMyMk9JdGhidU5pNk56UWtWOVB4cVJVK09wUFdObUkyU2ZBSWdVNzNCbWs0MnA5aHVBTVBJS0FLN2NCb00KVkZOaXZnYmJKa3lVZ2NUSEU0Zz0KLS0tLS1FTkQgQ0VSVElGSUNBVEUtLS0tLQo=",
                "config_file": "apiVersion: v1\nclusters:\n- name: \"demo-k8s\"\n  cluster:\n    certificate-authority-data: LS0tLS1CRUdJTiBDRVJUSUZJQ0FURS0tLS0tCk1JSUJXakNDQVFHZ0F3SUJBZ0lCQURBS0JnZ3Foa2pPUFFRREFqQVZNUk13RVFZRFZRUURFd3ByZFdKbGNtNWwKZEdWek1CNFhEVEkyTURneE16RTVORGMxTkZvWERUTTJNRGd4TXpFNU5EYzFORm93RlRFVE1CRUdBMVVFQXhNSwphM1ZpWlhKdVpYUmxjekJaTUJNR0J5cUdTTTQ5QWdFR0NDcUdTTTQ5QXdFSEEwSUFCUEdZcFh0OWhxbkNDclBkCnVHMkhrcFcxY3FjdENkb2hDUTQvWXQ3cE1oejJCMlNXd2FCQmdmVEJPdGdDNzRNMkxyRHVYcmxkV2xWSHZ1Sk0KU3dxcTdaeWpRakJBTUE0R0ExVWREd0VCL3dRRUF3SUNwREFQQmdOVkhSTUJBZjhFQlRBREFRSC9NQjBHQTFVZApEZ1FXQkJTU2NVdEdqVkpLNVVHQ1FlVDMrNUpJMHI4dDR6QUtCZ2dxaGtqT1BRUURBZ05IQURCRUFpQjBxemV4CmN4VmMyMk9JdGhidU5pNk56UWtWOVB4cVJVK09wUFdObUkyU2ZBSWdVNzNCbWs0MnA5aHVBTVBJS0FLN2NCb00KVkZOaXZnYmJKa3lVZ2NUSEU0Zz0KLS0tLS1FTkQgQ0VSVElGSUNBVEUtLS0tLQo=\n    server: https://bd0f67e7-4f42-4db4-ab17-f2fee7816ae9.api.k8s.fr-par.scw.cloud:6443\ncontexts:\n- name: admin@demo-k8s\n  context:\n    cluster: \"demo-k8s\"\n    user: demo-k8s-admin\ncurrent-context: admin@demo-k8s\nkind: Config\npreferences: {}\nusers:\n- name: demo-k8s-admin\n  user:\n    token: XMLx8vsPuyb7BBJ1gobHrNPzu6ItpqO6ZpLxX2AqQemjELIOTSVtXQIK",
                "host": "https://bd0f67e7-4f42-4db4-ab17-f2fee7816ae9.api.k8s.fr-par.scw.cloud:6443",
                "token": "XMLx8vsPuyb7BBJ1gobHrNPzu6ItpqO6ZpLxX2AqQemjELIOTSVtXQIK"
              }
            ],
            "name": "demo-k8s",
            "open_id_connect_config": [
              {
                "client_id": "",
                "groups_claim": [],
                "groups_prefix": "",
                "issuer_url": "",
                "required_claim": [],
                "username_claim": "",
                "username_prefix": ""
              }
            ],
            "organization_id": "e1f643c1-64ac-4e70-961a-d607334ebb98",
            "pod_cidr": "100.64.0.0/15",
            "private_network_id": "5ae98d87-8302-49f1-a987-15c3b84eff26",
            "project_id": "e1f643c1-64ac-4e70-961a-d607334ebb98",
            "region": "fr-par",
            "service_cidr": "10.32.0.0/20",
            "service_dns_ip": "10.32.0.10",
            "srn": "srn://k8s.scw.eu/regions/fr-par/clusters/bd0f67e7-4f42-4db4-ab17-f2fee7816ae9",
            "status": "pool_required",
            "tags": [
              "demo scaleway"
            ],
            "timeouts": null,
            "type": "kapsule",
            "updated_at": "2026-08-14T19:47:56Z",
            "upgrade_available": true,
            "upgrade_pools": true,
            "version": "1.36.0",
            "wildcard_dns": "*.bd0f67e7-4f42-4db4-ab17-f2fee7816ae9.nodes.k8s.fr-par.scw.cloud"
          },
          "sensitive_attributes": [
            [
              {
                "type": "get_attr",
                "value": "kubeconfig"
              }
            ]
          ],
          "identity_schema_version": 0,
          "identity": {
            "id": "bd0f67e7-4f42-4db4-ab17-f2fee7816ae9",
            "region": "fr-par"
          },
          "private": "eyJlMmJmYjczMC1lY2FhLTExZTYtOGY4OC0zNDM2M2JjN2M0YzAiOnsiY3JlYXRlIjo5MDAwMDAwMDAwMDAsImRlZmF1bHQiOjkwMDAwMDAwMDAwMCwiZGVsZXRlIjo5MDAwMDAwMDAwMDAsInJlYWQiOjkwMDAwMDAwMDAwMCwidXBkYXRlIjo5MDAwMDAwMDAwMDB9fQ==",
          "dependencies": [
            "scaleway_vpc_private_network.this"
          ]
        }
      ]
    },
    {
      "mode": "managed",
      "type": "scaleway_k8s_pool",
      "name": "this",
      "provider": "provider[\"registry.terraform.io/scaleway/scaleway\"]",
      "instances": [
        {
          "schema_version": 0,
          "attributes": {
            "autohealing": true,
            "autoscaling": false,
            "cluster_id": "fr-par/bd0f67e7-4f42-4db4-ab17-f2fee7816ae9",
            "container_runtime": "containerd",
            "created_at": "2026-08-14T19:48:00Z",
            "current_size": 1,
            "id": "fr-par/77936019-5dc3-4427-8279-831b1f165ea4",
            "kubelet_args": null,
            "labels": null,
            "max_size": 1,
            "min_size": 1,
            "name": "main",
            "node_type": "basic3_x2c_4g",
            "nodes": [
              {
                "id": "18b825ad-0d57-476a-8dc7-b4e19aa4cfb3",
                "name": "scw-demo-k8s-main-18b825ad0d57476a8dc7b4e19aa4",
                "private_ips": [
                  {
                    "address": "fd1f:4cea:ce6f:3580:f9bd:b3b7:a67d:1d2d",
                    "id": "fr-par/e16b5db5-63c6-47f6-9bc4-2020f644bbee"
                  },
                  {
                    "address": "10.100.0.3",
                    "id": "fr-par/8980c86f-74a6-4a3b-8b7c-20563cf0ef3d"
                  }
                ],
                "public_ip": "51.15.228.234",
                "public_ip_v6": "",
                "srn": "srn://k8s.scw.eu/regions/fr-par/nodes/18b825ad-0d57-476a-8dc7-b4e19aa4cfb3",
                "status": "ready"
              }
            ],
            "placement_group_id": null,
            "public_ip_disabled": false,
            "region": "fr-par",
            "root_volume_size_in_gb": 20,
            "root_volume_type": "sbs_5k",
            "security_group_id": "69c73248-7f7a-4ec0-b5ac-4c88df7548d6",
            "size": 1,
            "srn": "srn://k8s.scw.eu/regions/fr-par/pools/77936019-5dc3-4427-8279-831b1f165ea4",
            "startup_taints": [],
            "status": "ready",
            "tags": null,
            "taints": [],
            "timeouts": null,
            "updated_at": "2026-08-14T19:50:17Z",
            "upgrade_policy": [
              {
                "max_surge": 0,
                "max_unavailable": 1
              }
            ],
            "version": "1.36.0",
            "wait_for_pool_ready": true,
            "zone": "fr-par-1"
          },
          "sensitive_attributes": [],
          "identity_schema_version": 0,
          "identity": {
            "id": "77936019-5dc3-4427-8279-831b1f165ea4",
            "region": "fr-par"
          },
          "private": "eyJlMmJmYjczMC1lY2FhLTExZTYtOGY4OC0zNDM2M2JjN2M0YzAiOnsiY3JlYXRlIjoxODAwMDAwMDAwMDAwLCJkZWZhdWx0IjoxODAwMDAwMDAwMDAwLCJkZWxldGUiOjE4MDAwMDAwMDAwMDAsInJlYWQiOjE4MDAwMDAwMDAwMDAsInVwZGF0ZSI6MTgwMDAwMDAwMDAwMH19",
          "dependencies": [
            "scaleway_k8s_cluster.this",
            "scaleway_vpc_private_network.this"
          ]
        }
      ]
    },
    {
      "mode": "managed",
      "type": "scaleway_vpc_private_network",
      "name": "this",
      "provider": "provider[\"registry.terraform.io/scaleway/scaleway\"]",
      "instances": [
        {
          "schema_version": 1,
          "attributes": {
            "created_at": "2026-08-14T19:47:53Z",
            "enable_default_route_propagation": false,
            "id": "fr-par/5ae98d87-8302-49f1-a987-15c3b84eff26",
            "ipv4_subnet": [
              {
                "address": "10.100.0.0",
                "created_at": "2026-08-14T19:47:53Z",
                "id": "6391f331-4982-460f-b8fc-36826f70f56c",
                "prefix_length": 22,
                "srn": "",
                "subnet": "10.100.0.0/22",
                "subnet_mask": "255.255.252.0",
                "updated_at": "2026-08-14T19:47:53Z"
              }
            ],
            "ipv6_subnets": [
              {
                "address": "fd1f:4cea:ce6f:3580::",
                "created_at": "2026-08-14T19:47:53Z",
                "id": "d56e92c2-188a-4c53-9d5a-d0685ba179c6",
                "prefix_length": 64,
                "srn": "",
                "subnet": "fd1f:4cea:ce6f:3580::/64",
                "subnet_mask": "255.255.255.255.255.255.255.255.0.0.0.0.0.0.0.0",
                "updated_at": "2026-08-14T19:47:53Z"
              }
            ],
            "is_regional": true,
            "name": "demo-pn",
            "organization_id": "e1f643c1-64ac-4e70-961a-d607334ebb98",
            "project_id": "e1f643c1-64ac-4e70-961a-d607334ebb98",
            "region": "fr-par",
            "srn": "srn://vpc.scw.eu/regions/fr-par/private-networks/5ae98d87-8302-49f1-a987-15c3b84eff26",
            "tags": [
              "demo scaleway"
            ],
            "updated_at": "2026-08-14T19:47:53Z",
            "vpc_id": "fr-par/5c1206ce-e5a0-4715-bb5f-7bce8dc8c09b",
            "zone": "fr-par-1"
          },
          "sensitive_attributes": [],
          "identity_schema_version": 0,
          "identity": {
            "id": "5ae98d87-8302-49f1-a987-15c3b84eff26",
            "region": "fr-par"
          },
          "private": "eyJzY2hlbWFfdmVyc2lvbiI6IjEifQ=="
        }
      ]
    }
  ],
  "check_results": null
}
